{
  "version": 4,
  "terraform_version": "1.9.0",
  "serial": 22,
  "lineage": "4db6a428-7637-2540-b6db-f74ce613c6c1",
  "outputs": {},
  "resources": [
    {
      "mode": "managed",
      "type": "azuredevops_agent_pool",
      "name": "this",
      "provider": "provider[\"registry.terraform.io/microsoft/azuredevops\"]",
      "instances": []
    },
    {
      "mode": "managed",
      "type": "azurerm_resource_group",
      "name": "this",
      "provider": "provider[\"registry.terraform.io/hashicorp/azurerm\"]",
      "instances": [
        {
          "schema_version": 0,
          "attributes": {
            "id": "/subscriptions/638c6283-9805-468e-b517-2e5d8717e23a/resourceGroups/ado-selfhosted-agent",
            "location": "eastus",
            "managed_by": "",
            "name": "ado-selfhosted-agent",
            "tags": {},
            "timeouts": null
          },
          "sensitive_attributes": [],
          "private": "eyJlMmJmYjczMC1lY2FhLTExZTYtOGY4OC0zNDM2M2JjN2M0YzAiOnsiY3JlYXRlIjo1NDAwMDAwMDAwMDAwLCJkZWxldGUiOjU0MDAwMDAwMDAwMDAsInJlYWQiOjMwMDAwMDAwMDAwMCwidXBkYXRlIjo1NDAwMDAwMDAwMDAwfX0="
        }
      ]
    },
    {
      "mode": "managed",
      "type": "random_integer",
      "name": "this",
      "provider": "provider[\"registry.terraform.io/hashicorp/random\"]",
      "instances": [
        {
          "schema_version": 0,
          "attributes": {
            "id": "87669",
            "keepers": null,
            "max": 99999,
            "min": 10000,
            "result": 87669,
            "seed": null
          },
          "sensitive_attributes": []
        }
      ]
    },
    {
      "module": "module.containerregistry",
      "mode": "data",
      "type": "azurerm_key_vault_key",
      "name": "this",
      "provider": "provider[\"registry.terraform.io/hashicorp/azurerm\"]",
      "instances": []
    },
    {
      "module": "module.containerregistry",
      "mode": "data",
      "type": "azurerm_user_assigned_identity",
      "name": "this",
      "provider": "provider[\"registry.terraform.io/hashicorp/azurerm\"]",
      "instances": []
    },
    {
      "module": "module.containerregistry",
      "mode": "managed",
      "type": "azurerm_container_registry",
      "name": "this",
      "provider": "provider[\"registry.terraform.io/hashicorp/azurerm\"]",
      "instances": [
        {
          "schema_version": 2,
          "attributes": {
            "admin_enabled": true,
            "admin_password": "qNXG8j4u3JCYoMami42m9NcH0T2fGBNoKZgUsi62w0+ACRA62rVM",
            "admin_username": "atntestregistry",
            "anonymous_pull_enabled": false,
            "data_endpoint_enabled": false,
            "encryption": [
              {
                "enabled": false,
                "identity_client_id": "",
                "key_vault_key_id": ""
              }
            ],
            "export_policy_enabled": true,
            "georeplications": [],
            "id": "/subscriptions/638c6283-9805-468e-b517-2e5d8717e23a/resourceGroups/ado-selfhosted-agent/providers/Microsoft.ContainerRegistry/registries/atntestregistry",
            "identity": [],
            "location": "eastus",
            "login_server": "atntestregistry.azurecr.io",
            "name": "atntestregistry",
            "network_rule_bypass_option": "None",
            "network_rule_set": [],
            "public_network_access_enabled": true,
            "quarantine_policy_enabled": false,
            "resource_group_name": "ado-selfhosted-agent",
            "retention_policy": [
              {
                "days": 7,
                "enabled": false
              }
            ],
            "sku": "Basic",
            "tags": {},
            "timeouts": null,
            "trust_policy": [
              {
                "enabled": false
              }
            ],
            "zone_redundancy_enabled": false
          },
          "sensitive_attributes": [
            [
              {
                "type": "get_attr",
                "value": "admin_password"
              }
            ]
          ],
          "private": "eyJlMmJmYjczMC1lY2FhLTExZTYtOGY4OC0zNDM2M2JjN2M0YzAiOnsiY3JlYXRlIjoxODAwMDAwMDAwMDAwLCJkZWxldGUiOjE4MDAwMDAwMDAwMDAsInJlYWQiOjMwMDAwMDAwMDAwMCwidXBkYXRlIjoxODAwMDAwMDAwMDAwfSwic2NoZW1hX3ZlcnNpb24iOiIyIn0=",
          "dependencies": [
            "azurerm_resource_group.this",
            "module.containerregistry.data.azurerm_key_vault_key.this",
            "module.containerregistry.data.azurerm_user_assigned_identity.this"
          ]
        }
      ]
    }
  ],
  "check_results": [
    {
      "object_kind": "var",
      "config_addr": "module.containerregistry.var.sku",
      "status": "pass",
      "objects": [
        {
          "object_addr": "module.containerregistry.var.sku",
          "status": "pass"
        }
      ]
    },
    {
      "object_kind": "var",
      "config_addr": "module.containerregistry.var.network_rule_set",
      "status": "pass",
      "objects": [
        {
          "object_addr": "module.containerregistry.var.network_rule_set",
          "status": "pass"
        }
      ]
    },
    {
      "object_kind": "var",
      "config_addr": "module.containerregistry.var.lock",
      "status": "pass",
      "objects": [
        {
          "object_addr": "module.containerregistry.var.lock",
          "status": "pass"
        }
      ]
    },
    {
      "object_kind": "var",
      "config_addr": "module.containerregistry.var.network_rule_bypass_option",
      "status": "pass",
      "objects": [
        {
          "object_addr": "module.containerregistry.var.network_rule_bypass_option",
          "status": "pass"
        }
      ]
    },
    {
      "object_kind": "var",
      "config_addr": "module.containerregistry.var.name",
      "status": "pass",
      "objects": [
        {
          "object_addr": "module.containerregistry.var.name",
          "status": "pass"
        }
      ]
    },
    {
      "object_kind": "var",
      "config_addr": "module.containerregistry.var.diagnostic_settings",
      "status": "pass",
      "objects": [
        {
          "object_addr": "module.containerregistry.var.diagnostic_settings",
          "status": "pass"
        }
      ]
    },
    {
      "object_kind": "resource",
      "config_addr": "module.containerregistry.azurerm_container_registry.this",
      "status": "pass",
      "objects": [
        {
          "object_addr": "module.containerregistry.azurerm_container_registry.this",
          "status": "pass"
        }
      ]
    }
  ]
}
